
Microsoft Visual Studio Solution File, Format Version 12.00
# Visual Studio Version 17
VisualStudioVersion = 17.3.32811.315
MinimumVisualStudioVersion = 10.0.40219.1
Project("{FAE04EC0-301F-11D3-BF4B-00C04F79EFBC}") = "Kapitel_2_uppgift_2_11", "Kapitel_2_uppgift_2_11\Kapitel_2_uppgift_2_11.csproj", "{4E91CECE-182B-4F5C-8B2D-1E807C298427}"
EndProject
Global
	GlobalSection(SolutionConfigurationPlatforms) = preSolution
		Debug|Any CPU = Debug|Any CPU
		Release|Any CPU = Release|Any CPU
	EndGlobalSection
	GlobalSection(ProjectConfigurationPlatforms) = postSolution
		{4E91CECE-182B-4F5C-8B2D-1E807C298427}.Debug|Any CPU.ActiveCfg = Debug|Any CPU
		{4E91CECE-182B-4F5C-8B2D-1E807C298427}.Debug|Any CPU.Build.0 = Debug|Any CPU
		{4E91CECE-182B-4F5C-8B2D-1E807C298427}.Release|Any CPU.ActiveCfg = Release|Any CPU
		{4E91CECE-182B-4F5C-8B2D-1E807C298427}.Release|Any CPU.Build.0 = Release|Any CPU
	EndGlobalSection
	GlobalSection(SolutionProperties) = preSolution
		HideSolutionNode = FALSE
	EndGlobalSection
	GlobalSection(ExtensibilityGlobals) = postSolution
		SolutionGuid = {540EAA0C-AE29-4238-94FD-F201FEBEC70F}
	EndGlobalSection
EndGlobal
